
Microsoft Visual Studio Solution File, Format Version 12.00
# Visual Studio 15
VisualStudioVersion = 15.0.28307.1000
MinimumVisualStudioVersion = 10.0.40219.1
Project("{FAE04EC0-301F-11D3-BF4B-00C04F79EFBC}") = "Text to morse or binary converter", "Text to morse or binary converter\Text to morse or binary converter.csproj", "{B2588E7A-7B83-4C85-8556-CC7FD5F6A74F}"
EndProject
Global
	GlobalSection(SolutionConfigurationPlatforms) = preSolution
		Debug|Any CPU = Debug|Any CPU
		Release|Any CPU = Release|Any CPU
	EndGlobalSection
	GlobalSection(ProjectConfigurationPlatforms) = postSolution
		{B2588E7A-7B83-4C85-8556-CC7FD5F6A74F}.Debug|Any CPU.ActiveCfg = Debug|Any CPU
		{B2588E7A-7B83-4C85-8556-CC7FD5F6A74F}.Debug|Any CPU.Build.0 = Debug|Any CPU
		{B2588E7A-7B83-4C85-8556-CC7FD5F6A74F}.Release|Any CPU.ActiveCfg = Release|Any CPU
		{B2588E7A-7B83-4C85-8556-CC7FD5F6A74F}.Release|Any CPU.Build.0 = Release|Any CPU
	EndGlobalSection
	GlobalSection(SolutionProperties) = preSolution
		HideSolutionNode = FALSE
	EndGlobalSection
	GlobalSection(ExtensibilityGlobals) = postSolution
		SolutionGuid = {DAF53C8E-2853-4B5E-B756-0F84E7EF2F86}
	EndGlobalSection
EndGlobal
